PODS:
  - applovin_max (3.1.1):
    - AppLovinSDK (= 11.11.2)
    - Flutter
  - AppLovinSDK (11.11.2)
  - Flutter (1.0.0)

DEPENDENCIES:
  - applovin_max (from `.symlinks/plugins/applovin_max/ios`)
  - AppLovinSDK (= 11.11.2)
  - Flutter (from `Flutter`)

SPEC REPOS:
  trunk:
    - AppLovinSDK

EXTERNAL SOURCES:
  applovin_max:
    :path: ".symlinks/plugins/applovin_max/ios"
  Flutter:
    :path: Flutter

SPEC CHECKSUMS:
  applovin_max: a24c3fa33f968c679886f7f4573bfca00443eace
  AppLovinSDK: 86ac2d11e3fda1d2cb5b235fb8a4bbd39ab0ebee
  Flutter: f04841e97a9d0b0a8025694d0796dd46242b2854

PODFILE CHECKSUM: 9f7895aafe9ca732a8993cbe2a8fb4afd59acb5c

COCOAPODS: 1.12.1
