PODS:
  - applovin_max (3.1.1):
    - AppLovinSDK (= 11.11.2)
    - Flutter
  - AppLovinSDK (11.11.2)
  - Flutter (1.0.0)
  - PrebidMobile (2.1.3):
    - PrebidMobile/core (= 2.1.3)
  - PrebidMobile/core (2.1.3)

DEPENDENCIES:
  - applovin_max (from `.symlinks/plugins/applovin_max/ios`)
  - AppLovinSDK (= 11.11.2)
  - Flutter (from `Flutter`)
  - PrebidMobile

SPEC REPOS:
  trunk:
    - AppLovinSDK
    - PrebidMobile

EXTERNAL SOURCES:
  applovin_max:
    :path: ".symlinks/plugins/applovin_max/ios"
  Flutter:
    :path: Flutter

SPEC CHECKSUMS:
  applovin_max: a24c3fa33f968c679886f7f4573bfca00443eace
  AppLovinSDK: 86ac2d11e3fda1d2cb5b235fb8a4bbd39ab0ebee
  Flutter: f04841e97a9d0b0a8025694d0796dd46242b2854
  PrebidMobile: 8b6180bfd7b5cd54d5595b1335a37c3f2b5825e2

PODFILE CHECKSUM: 9db4ab44c6ee5d1a64d069fe3b85ce32f3238084

COCOAPODS: 1.12.1
